
Microsoft Visual Studio Solution File, Format Version 12.00
# Visual Studio Version 16
VisualStudioVersion = 16.0.33529.622
MinimumVisualStudioVersion = 10.0.40219.1
Project("{FAE04EC0-301F-11D3-BF4B-00C04F79EFBC}") = "hypeproject", "hypeproject\hypeproject.csproj", "{226CBC21-48AB-48B1-AC53-F66008771D4A}"
EndProject
Global
	GlobalSection(SolutionConfigurationPlatforms) = preSolution
		Debug|Any CPU = Debug|Any CPU
		Release|Any CPU = Release|Any CPU
	EndGlobalSection
	GlobalSection(ProjectConfigurationPlatforms) = postSolution
		{226CBC21-48AB-48B1-AC53-F66008771D4A}.Debug|Any CPU.ActiveCfg = Debug|Any CPU
		{226CBC21-48AB-48B1-AC53-F66008771D4A}.Debug|Any CPU.Build.0 = Debug|Any CPU
		{226CBC21-48AB-48B1-AC53-F66008771D4A}.Release|Any CPU.ActiveCfg = Release|Any CPU
		{226CBC21-48AB-48B1-AC53-F66008771D4A}.Release|Any CPU.Build.0 = Release|Any CPU
	EndGlobalSection
	GlobalSection(SolutionProperties) = preSolution
		HideSolutionNode = FALSE
	EndGlobalSection
	GlobalSection(ExtensibilityGlobals) = postSolution
		SolutionGuid = {612BACBE-ECA7-450E-BCB1-440EF4977D76}
	EndGlobalSection
EndGlobal
